
Microsoft Visual Studio Solution File, Format Version 12.00
# Visual Studio Version 16
VisualStudioVersion = 16.0.32602.291
MinimumVisualStudioVersion = 10.0.40219.1
Project("{FAE04EC0-301F-11D3-BF4B-00C04F79EFBC}") = "WpfApp1", "WpfApp1.csproj", "{5D0F85AA-D1B2-4247-A121-233E3BD3AB28}"
EndProject
Global
	GlobalSection(SolutionConfigurationPlatforms) = preSolution
		Debug|Any CPU = Debug|Any CPU
		Release|Any CPU = Release|Any CPU
	EndGlobalSection
	GlobalSection(ProjectConfigurationPlatforms) = postSolution
		{5D0F85AA-D1B2-4247-A121-233E3BD3AB28}.Debug|Any CPU.ActiveCfg = Debug|Any CPU
		{5D0F85AA-D1B2-4247-A121-233E3BD3AB28}.Debug|Any CPU.Build.0 = Debug|Any CPU
		{5D0F85AA-D1B2-4247-A121-233E3BD3AB28}.Release|Any CPU.ActiveCfg = Release|Any CPU
		{5D0F85AA-D1B2-4247-A121-233E3BD3AB28}.Release|Any CPU.Build.0 = Release|Any CPU
	EndGlobalSection
	GlobalSection(SolutionProperties) = preSolution
		HideSolutionNode = FALSE
	EndGlobalSection
	GlobalSection(ExtensibilityGlobals) = postSolution
		SolutionGuid = {40C12490-7811-4317-A5F7-BD22B3A8B1E5}
	EndGlobalSection
EndGlobal
